
Microsoft Visual Studio Solution File, Format Version 11.00
# Visual Studio 2010
Project("{8BC9CEB8-8B4A-11D0-8D11-00A0C91BC942}") = "lab-3", "lab-3\lab-3.vcxproj", "{063545DB-BD8D-4B72-B7EE-8B15E02D67DD}"
EndProject
Project("{8BC9CEB8-8B4A-11D0-8D11-00A0C91BC942}") = "test", "test\test.vcxproj", "{9360ACB1-A2B0-401E-A950-13D9D4BD00E4}"
EndProject
Global
	GlobalSection(SolutionConfigurationPlatforms) = preSolution
		Debug|Win32 = Debug|Win32
		Release|Win32 = Release|Win32
	EndGlobalSection
	GlobalSection(ProjectConfigurationPlatforms) = postSolution
		{063545DB-BD8D-4B72-B7EE-8B15E02D67DD}.Debug|Win32.ActiveCfg = Debug|Win32
		{063545DB-BD8D-4B72-B7EE-8B15E02D67DD}.Debug|Win32.Build.0 = Debug|Win32
		{063545DB-BD8D-4B72-B7EE-8B15E02D67DD}.Release|Win32.ActiveCfg = Release|Win32
		{063545DB-BD8D-4B72-B7EE-8B15E02D67DD}.Release|Win32.Build.0 = Release|Win32
		{9360ACB1-A2B0-401E-A950-13D9D4BD00E4}.Debug|Win32.ActiveCfg = Debug|Win32
		{9360ACB1-A2B0-401E-A950-13D9D4BD00E4}.Debug|Win32.Build.0 = Debug|Win32
		{9360ACB1-A2B0-401E-A950-13D9D4BD00E4}.Release|Win32.ActiveCfg = Release|Win32
		{9360ACB1-A2B0-401E-A950-13D9D4BD00E4}.Release|Win32.Build.0 = Release|Win32
	EndGlobalSection
	GlobalSection(SolutionProperties) = preSolution
		HideSolutionNode = FALSE
	EndGlobalSection
EndGlobal
